{
  "lockfile_version": "1",
  "packages": {
    "atuin@latest": {
      "last_modified": "2024-07-07T07:43:47Z",
      "resolved": "github:NixOS/nixpkgs/b60793b86201040d9dee019a05089a9150d08b5b#atuin",
      "source": "devbox-search",
      "version": "18.3.0",
      "systems": {
        "aarch64-darwin": {
          "outputs": [
            {
              "name": "out",
              "path": "/nix/store/zchavg1f41ggmfi2m4l9clfpn74frx1w-atuin-18.3.0",
              "default": true
            }
          ],
          "store_path": "/nix/store/zchavg1f41ggmfi2m4l9clfpn74frx1w-atuin-18.3.0"
        },
        "aarch64-linux": {
          "outputs": [
            {
              "name": "out",
              "path": "/nix/store/gkn6zfcsz3qbv81mxyhgwjwcmy7gbjlz-atuin-18.3.0",
              "default": true
            }
          ],
          "store_path": "/nix/store/gkn6zfcsz3qbv81mxyhgwjwcmy7gbjlz-atuin-18.3.0"
        },
        "x86_64-darwin": {
          "outputs": [
            {
              "name": "out",
              "path": "/nix/store/k503ri7x8p9a8d5yp73ihilgif9p5hnq-atuin-18.3.0",
              "default": true
            }
          ],
          "store_path": "/nix/store/k503ri7x8p9a8d5yp73ihilgif9p5hnq-atuin-18.3.0"
        },
        "x86_64-linux": {
          "outputs": [
            {
              "name": "out",
              "path": "/nix/store/2v7hdll3amxfdd373piji4g323zp43yh-atuin-18.3.0",
              "default": true
            }
          ],
          "store_path": "/nix/store/2v7hdll3amxfdd373piji4g323zp43yh-atuin-18.3.0"
        }
      }
    },
    "awscli@latest": {
      "last_modified": "2024-07-07T07:43:47Z",
      "resolved": "github:NixOS/nixpkgs/b60793b86201040d9dee019a05089a9150d08b5b#awscli",
      "source": "devbox-search",
      "version": "1.33.11",
      "systems": {
        "aarch64-darwin": {
          "outputs": [
            {
              "name": "out",
              "path": "/nix/store/7f4v5q34qxx59w3jy10l8ap73q3x96ad-awscli-1.33.11",
              "default": true
            },
            {
              "name": "dist",
              "path": "/nix/store/bcnaf734bjakj152yyffy20q25f1yhmw-awscli-1.33.11-dist"
            }
          ],
          "store_path": "/nix/store/7f4v5q34qxx59w3jy10l8ap73q3x96ad-awscli-1.33.11"
        },
        "aarch64-linux": {
          "outputs": [
            {
              "name": "out",
              "path": "/nix/store/ymgr3rsfhhmc20lp2wg0pyablm9cjcap-awscli-1.33.11",
              "default": true
            },
            {
              "name": "dist",
              "path": "/nix/store/x4444yg9bv43v7jav0v613qjqflxsj1n-awscli-1.33.11-dist"
            }
          ],
          "store_path": "/nix/store/ymgr3rsfhhmc20lp2wg0pyablm9cjcap-awscli-1.33.11"
        },
        "x86_64-darwin": {
          "outputs": [
            {
              "name": "out",
              "path": "/nix/store/c9v7ymwg3mxrx8h8ajzwzq7sc537fmdq-awscli-1.33.11",
              "default": true
            },
            {
              "name": "dist",
              "path": "/nix/store/4xx01i1b4h9qyfy74lq1mij6j5w09cjv-awscli-1.33.11-dist"
            }
          ],
          "store_path": "/nix/store/c9v7ymwg3mxrx8h8ajzwzq7sc537fmdq-awscli-1.33.11"
        },
        "x86_64-linux": {
          "outputs": [
            {
              "name": "out",
              "path": "/nix/store/jvp1c9i0nqwzpxac4npsxi7j5s9jg6xs-awscli-1.33.11",
              "default": true
            },
            {
              "name": "dist",
              "path": "/nix/store/fhph4apyfg34y10b62qwc6yjnwnsh2ap-awscli-1.33.11-dist"
            }
          ],
          "store_path": "/nix/store/jvp1c9i0nqwzpxac4npsxi7j5s9jg6xs-awscli-1.33.11"
        }
      }
    },
    "bash-preexec@latest": {
      "last_modified": "2024-07-07T07:43:47Z",
      "resolved": "github:NixOS/nixpkgs/b60793b86201040d9dee019a05089a9150d08b5b#bash-preexec",
      "source": "devbox-search",
      "version": "0.5.0",
      "systems": {
        "aarch64-darwin": {
          "outputs": [
            {
              "name": "out",
              "path": "/nix/store/29qga18ldf7zsdrxi0kajkakwq9c6bng-bash-preexec-0.5.0",
              "default": true
            }
          ],
          "store_path": "/nix/store/29qga18ldf7zsdrxi0kajkakwq9c6bng-bash-preexec-0.5.0"
        },
        "aarch64-linux": {
          "outputs": [
            {
              "name": "out",
              "path": "/nix/store/70xxz55x1vwd8kq2gz4a3dd0kxggi388-bash-preexec-0.5.0",
              "default": true
            }
          ],
          "store_path": "/nix/store/70xxz55x1vwd8kq2gz4a3dd0kxggi388-bash-preexec-0.5.0"
        },
        "x86_64-darwin": {
          "outputs": [
            {
              "name": "out",
              "path": "/nix/store/mqpz1qzcnllgr0vmyqbm8i2z9g9d64qh-bash-preexec-0.5.0",
              "default": true
            }
          ],
          "store_path": "/nix/store/mqpz1qzcnllgr0vmyqbm8i2z9g9d64qh-bash-preexec-0.5.0"
        },
        "x86_64-linux": {
          "outputs": [
            {
              "name": "out",
              "path": "/nix/store/p1pdg5d9zgxjlw534jjnlh0yng286gwb-bash-preexec-0.5.0",
              "default": true
            }
          ],
          "store_path": "/nix/store/p1pdg5d9zgxjlw534jjnlh0yng286gwb-bash-preexec-0.5.0"
        }
      }
    },
    "bat@latest": {
      "last_modified": "2024-07-07T07:43:47Z",
      "resolved": "github:NixOS/nixpkgs/b60793b86201040d9dee019a05089a9150d08b5b#bat",
      "source": "devbox-search",
      "version": "0.24.0",
      "systems": {
        "aarch64-darwin": {
          "outputs": [
            {
              "name": "out",
              "path": "/nix/store/s5dv7makjjkdcqsszq8yf1v50gwgf93l-bat-0.24.0",
              "default": true
            }
          ],
          "store_path": "/nix/store/s5dv7makjjkdcqsszq8yf1v50gwgf93l-bat-0.24.0"
        },
        "aarch64-linux": {
          "outputs": [
            {
              "name": "out",
              "path": "/nix/store/k3i0hakrs2cd07gw2a8j8ygyzy53rb0y-bat-0.24.0",
              "default": true
            }
          ],
          "store_path": "/nix/store/k3i0hakrs2cd07gw2a8j8ygyzy53rb0y-bat-0.24.0"
        },
        "x86_64-darwin": {
          "outputs": [
            {
              "name": "out",
              "path": "/nix/store/lsdsfw2a5368jr0p7hnnaxdyjh5w23pj-bat-0.24.0",
              "default": true
            }
          ],
          "store_path": "/nix/store/lsdsfw2a5368jr0p7hnnaxdyjh5w23pj-bat-0.24.0"
        },
        "x86_64-linux": {
          "outputs": [
            {
              "name": "out",
              "path": "/nix/store/pksmaq6x2c6bsn4m7yhj6xhkmfs6bf77-bat-0.24.0",
              "default": true
            }
          ],
          "store_path": "/nix/store/pksmaq6x2c6bsn4m7yhj6xhkmfs6bf77-bat-0.24.0"
        }
      }
    },
    "btop@latest": {
      "last_modified": "2024-07-07T07:43:47Z",
      "resolved": "github:NixOS/nixpkgs/b60793b86201040d9dee019a05089a9150d08b5b#btop",
      "source": "devbox-search",
      "version": "1.3.2",
      "systems": {
        "aarch64-darwin": {
          "outputs": [
            {
              "name": "out",
              "path": "/nix/store/cb0qf86v783922b8nrzfif3wlbqwhb0m-btop-1.3.2",
              "default": true
            }
          ],
          "store_path": "/nix/store/cb0qf86v783922b8nrzfif3wlbqwhb0m-btop-1.3.2"
        },
        "aarch64-linux": {
          "outputs": [
            {
              "name": "out",
              "path": "/nix/store/0bc1ai2s4zbqpq9sx15h6zyshfslr49i-btop-1.3.2",
              "default": true
            }
          ],
          "store_path": "/nix/store/0bc1ai2s4zbqpq9sx15h6zyshfslr49i-btop-1.3.2"
        },
        "x86_64-darwin": {
          "outputs": [
            {
              "name": "out",
              "path": "/nix/store/k49wnlksl4znndbv6gfa22fqifamps0h-btop-1.3.2",
              "default": true
            }
          ],
          "store_path": "/nix/store/k49wnlksl4znndbv6gfa22fqifamps0h-btop-1.3.2"
        },
        "x86_64-linux": {
          "outputs": [
            {
              "name": "out",
              "path": "/nix/store/c9dxzjw04rfqzq09z5myqq30wmz0575c-btop-1.3.2",
              "default": true
            }
          ],
          "store_path": "/nix/store/c9dxzjw04rfqzq09z5myqq30wmz0575c-btop-1.3.2"
        }
      }
    },
    "cheat@latest": {
      "last_modified": "2024-07-07T07:43:47Z",
      "resolved": "github:NixOS/nixpkgs/b60793b86201040d9dee019a05089a9150d08b5b#cheat",
      "source": "devbox-search",
      "version": "4.4.2",
      "systems": {
        "aarch64-darwin": {
          "outputs": [
            {
              "name": "out",
              "path": "/nix/store/2jnmgjbwjjqs5dgpbw6a639fcn7yfczq-cheat-4.4.2",
              "default": true
            }
          ],
          "store_path": "/nix/store/2jnmgjbwjjqs5dgpbw6a639fcn7yfczq-cheat-4.4.2"
        },
        "aarch64-linux": {
          "outputs": [
            {
              "name": "out",
              "path": "/nix/store/r6l22pb24bfavc1w559zdvw5q3dmq1b2-cheat-4.4.2",
              "default": true
            }
          ],
          "store_path": "/nix/store/r6l22pb24bfavc1w559zdvw5q3dmq1b2-cheat-4.4.2"
        },
        "x86_64-darwin": {
          "outputs": [
            {
              "name": "out",
              "path": "/nix/store/8nf0505dpz74rck8zjqca4ns4q9xldhb-cheat-4.4.2",
              "default": true
            }
          ],
          "store_path": "/nix/store/8nf0505dpz74rck8zjqca4ns4q9xldhb-cheat-4.4.2"
        },
        "x86_64-linux": {
          "outputs": [
            {
              "name": "out",
              "path": "/nix/store/wj80c1pd5kxp2dca4qbhxfj4al00cmrm-cheat-4.4.2",
              "default": true
            }
          ],
          "store_path": "/nix/store/wj80c1pd5kxp2dca4qbhxfj4al00cmrm-cheat-4.4.2"
        }
      }
    },
    "direnv@latest": {
      "last_modified": "2024-07-07T07:43:47Z",
      "resolved": "github:NixOS/nixpkgs/b60793b86201040d9dee019a05089a9150d08b5b#direnv",
      "source": "devbox-search",
      "version": "2.34.0",
      "systems": {
        "aarch64-darwin": {
          "outputs": [
            {
              "name": "out",
              "path": "/nix/store/8b283hkzmzmxpsrn5fnwdarw3hw68967-direnv-2.34.0",
              "default": true
            }
          ],
          "store_path": "/nix/store/8b283hkzmzmxpsrn5fnwdarw3hw68967-direnv-2.34.0"
        },
        "aarch64-linux": {
          "outputs": [
            {
              "name": "out",
              "path": "/nix/store/fh1bfrgf6p7x88s47bi2bngrqnxss1lk-direnv-2.34.0",
              "default": true
            }
          ],
          "store_path": "/nix/store/fh1bfrgf6p7x88s47bi2bngrqnxss1lk-direnv-2.34.0"
        },
        "x86_64-darwin": {
          "outputs": [
            {
              "name": "out",
              "path": "/nix/store/sf7h42jldfnyh7cp5v70xac40xs0pqy1-direnv-2.34.0",
              "default": true
            }
          ],
          "store_path": "/nix/store/sf7h42jldfnyh7cp5v70xac40xs0pqy1-direnv-2.34.0"
        },
        "x86_64-linux": {
          "outputs": [
            {
              "name": "out",
              "path": "/nix/store/8l9j9kdv9m0z0s30lp4yvrc9s5bcbgmx-direnv-2.34.0",
              "default": true
            }
          ],
          "store_path": "/nix/store/8l9j9kdv9m0z0s30lp4yvrc9s5bcbgmx-direnv-2.34.0"
        }
      }
    },
    "eza@latest": {
      "last_modified": "2024-07-18T11:48:29Z",
      "resolved": "github:NixOS/nixpkgs/7e2fb8e0eb807e139d42b05bf8e28da122396bed#eza",
      "source": "devbox-search",
      "version": "0.18.22",
      "systems": {
        "aarch64-darwin": {
          "outputs": [
            {
              "name": "out",
              "path": "/nix/store/rx7sxr858wlmwmm1yx7jaqzgxmhvxid8-eza-0.18.22",
              "default": true
            },
            {
              "name": "man",
              "path": "/nix/store/z9cnh6j0ng6n4dhpf61cs1915f6a581i-eza-0.18.22-man",
              "default": true
            }
          ],
          "store_path": "/nix/store/rx7sxr858wlmwmm1yx7jaqzgxmhvxid8-eza-0.18.22"
        },
        "aarch64-linux": {
          "outputs": [
            {
              "name": "out",
              "path": "/nix/store/fn588bxhv3ig8cppx5cjjs8hzdgh5gcz-eza-0.18.22",
              "default": true
            },
            {
              "name": "man",
              "path": "/nix/store/9hbd8q9jqihgwzd6xi0wh09sq8zhgk2m-eza-0.18.22-man",
              "default": true
            }
          ],
          "store_path": "/nix/store/fn588bxhv3ig8cppx5cjjs8hzdgh5gcz-eza-0.18.22"
        },
        "x86_64-darwin": {
          "outputs": [
            {
              "name": "out",
              "path": "/nix/store/hnasbxdc5m8pxb3wjc953lb500xzjgkw-eza-0.18.22",
              "default": true
            },
            {
              "name": "man",
              "path": "/nix/store/qgk685c5a5l0n5rdr91aza3mdbarxwbr-eza-0.18.22-man",
              "default": true
            }
          ],
          "store_path": "/nix/store/hnasbxdc5m8pxb3wjc953lb500xzjgkw-eza-0.18.22"
        },
        "x86_64-linux": {
          "outputs": [
            {
              "name": "out",
              "path": "/nix/store/ll2jcjisgfp8gc1a7jmk0xcryq8rnf4m-eza-0.18.22",
              "default": true
            },
            {
              "name": "man",
              "path": "/nix/store/chjgls8f64fids2k59kc9qc7vrjfbngr-eza-0.18.22-man",
              "default": true
            }
          ],
          "store_path": "/nix/store/ll2jcjisgfp8gc1a7jmk0xcryq8rnf4m-eza-0.18.22"
        }
      }
    },
    "fortune@latest": {
      "last_modified": "2024-07-07T07:43:47Z",
      "resolved": "github:NixOS/nixpkgs/b60793b86201040d9dee019a05089a9150d08b5b#fortune",
      "source": "devbox-search",
      "version": "3.22.0",
      "systems": {
        "aarch64-darwin": {
          "outputs": [
            {
              "name": "out",
              "path": "/nix/store/mrvsa7m2hha8m5jbw7b5cg2q1wkc33zn-fortune-mod-3.22.0",
              "default": true
            }
          ],
          "store_path": "/nix/store/mrvsa7m2hha8m5jbw7b5cg2q1wkc33zn-fortune-mod-3.22.0"
        },
        "aarch64-linux": {
          "outputs": [
            {
              "name": "out",
              "path": "/nix/store/23da5k3xs16ykddi4rm8j7sk8f6dxr57-fortune-mod-3.22.0",
              "default": true
            }
          ],
          "store_path": "/nix/store/23da5k3xs16ykddi4rm8j7sk8f6dxr57-fortune-mod-3.22.0"
        },
        "x86_64-darwin": {
          "outputs": [
            {
              "name": "out",
              "path": "/nix/store/sgzzcsl9znv4z8cylkjx3xkqw7ksfnvk-fortune-mod-3.22.0",
              "default": true
            }
          ],
          "store_path": "/nix/store/sgzzcsl9znv4z8cylkjx3xkqw7ksfnvk-fortune-mod-3.22.0"
        },
        "x86_64-linux": {
          "outputs": [
            {
              "name": "out",
              "path": "/nix/store/jyvq2asqrcdaa31g6vqvfsw380w3l89w-fortune-mod-3.22.0",
              "default": true
            }
          ],
          "store_path": "/nix/store/jyvq2asqrcdaa31g6vqvfsw380w3l89w-fortune-mod-3.22.0"
        }
      }
    },
    "fzf@latest": {
      "last_modified": "2024-07-19T15:40:08Z",
      "resolved": "github:NixOS/nixpkgs/ad0111043c09f7d0f6b9f039882cbf350d4f7d49#fzf",
      "source": "devbox-search",
      "version": "0.54.1",
      "systems": {
        "aarch64-darwin": {
          "outputs": [
            {
              "name": "out",
              "path": "/nix/store/1pjgd1qxjr03wazna10r75svr4mixa2k-fzf-0.54.1",
              "default": true
            },
            {
              "name": "man",
              "path": "/nix/store/kayyl9vfvda8hfaq9m8y3sx42i18c6xf-fzf-0.54.1-man",
              "default": true
            }
          ],
          "store_path": "/nix/store/1pjgd1qxjr03wazna10r75svr4mixa2k-fzf-0.54.1"
        },
        "aarch64-linux": {
          "outputs": [
            {
              "name": "out",
              "path": "/nix/store/jxngwflxb3k9059p6khjzcrv4l2cilv1-fzf-0.54.1",
              "default": true
            },
            {
              "name": "man",
              "path": "/nix/store/7qplgjjkhk3g8yk9vkla0y10vjq4dbba-fzf-0.54.1-man",
              "default": true
            }
          ],
          "store_path": "/nix/store/jxngwflxb3k9059p6khjzcrv4l2cilv1-fzf-0.54.1"
        },
        "x86_64-darwin": {
          "outputs": [
            {
              "name": "out",
              "path": "/nix/store/xdlqndsrrr7alk5g285kv9qjwavs4f59-fzf-0.54.1",
              "default": true
            },
            {
              "name": "man",
              "path": "/nix/store/00x2ld8n5840kwfmgp0522i9zvjh3qmb-fzf-0.54.1-man",
              "default": true
            }
          ],
          "store_path": "/nix/store/xdlqndsrrr7alk5g285kv9qjwavs4f59-fzf-0.54.1"
        },
        "x86_64-linux": {
          "outputs": [
            {
              "name": "out",
              "path": "/nix/store/xgam4glpyycyfcyv13h4wnhi746jm9fn-fzf-0.54.1",
              "default": true
            },
            {
              "name": "man",
              "path": "/nix/store/s6c549k2sb9qwjqjcwxph9cwgidik9vj-fzf-0.54.1-man",
              "default": true
            }
          ],
          "store_path": "/nix/store/xgam4glpyycyfcyv13h4wnhi746jm9fn-fzf-0.54.1"
        }
      }
    },
    "gh@latest": {
      "last_modified": "2024-07-19T07:13:34Z",
      "resolved": "github:NixOS/nixpkgs/af9c15bc7a314c226d7d5d85e159f7a73e8d9fae#gh",
      "source": "devbox-search",
      "version": "2.53.0",
      "systems": {
        "aarch64-darwin": {
          "outputs": [
            {
              "name": "out",
              "path": "/nix/store/isgmpcikb92pmj3ckpvjpbf45yk2n8y3-gh-2.53.0",
              "default": true
            }
          ],
          "store_path": "/nix/store/isgmpcikb92pmj3ckpvjpbf45yk2n8y3-gh-2.53.0"
        },
        "aarch64-linux": {
          "outputs": [
            {
              "name": "out",
              "path": "/nix/store/mq498lw8nmvffxkl7v5rf6zjps2b4hsf-gh-2.53.0",
              "default": true
            }
          ],
          "store_path": "/nix/store/mq498lw8nmvffxkl7v5rf6zjps2b4hsf-gh-2.53.0"
        },
        "x86_64-darwin": {
          "outputs": [
            {
              "name": "out",
              "path": "/nix/store/0di91k9k3g0ygjzf0bdl16v702hdiwz2-gh-2.53.0",
              "default": true
            }
          ],
          "store_path": "/nix/store/0di91k9k3g0ygjzf0bdl16v702hdiwz2-gh-2.53.0"
        },
        "x86_64-linux": {
          "outputs": [
            {
              "name": "out",
              "path": "/nix/store/ci5hgcdq8jmqzh1vn4p3wab22pqnvfjj-gh-2.53.0",
              "default": true
            }
          ],
          "store_path": "/nix/store/ci5hgcdq8jmqzh1vn4p3wab22pqnvfjj-gh-2.53.0"
        }
      }
    },
    "git@latest": {
      "last_modified": "2024-07-07T07:43:47Z",
      "resolved": "github:NixOS/nixpkgs/b60793b86201040d9dee019a05089a9150d08b5b#git",
      "source": "devbox-search",
      "version": "2.45.2",
      "systems": {
        "aarch64-darwin": {
          "outputs": [
            {
              "name": "out",
              "path": "/nix/store/wmyy7p5ss80v4wb2hmscnxmrfr368whf-git-2.45.2",
              "default": true
            },
            {
              "name": "doc",
              "path": "/nix/store/vf5a09daljy98hds4c87s6fyqykvk8l2-git-2.45.2-doc"
            }
          ],
          "store_path": "/nix/store/wmyy7p5ss80v4wb2hmscnxmrfr368whf-git-2.45.2"
        },
        "aarch64-linux": {
          "outputs": [
            {
              "name": "out",
              "path": "/nix/store/1kar0gc7pfaq2kbrribq6r8rqj2qx5yy-git-2.45.2",
              "default": true
            },
            {
              "name": "debug",
              "path": "/nix/store/rlcznd3f4khg0p1k5bb6rd7pid92npc8-git-2.45.2-debug"
            },
            {
              "name": "doc",
              "path": "/nix/store/dr4ymv1nnyylcvf2pc0x9a0g6xgm74b9-git-2.45.2-doc"
            }
          ],
          "store_path": "/nix/store/1kar0gc7pfaq2kbrribq6r8rqj2qx5yy-git-2.45.2"
        },
        "x86_64-darwin": {
          "outputs": [
            {
              "name": "out",
              "path": "/nix/store/5j735q46i4rfs6qzkrfdlz7sjz9gbss2-git-2.45.2",
              "default": true
            },
            {
              "name": "doc",
              "path": "/nix/store/qyg94b3ngx8n6xq97k1hhmv2hvnmgf44-git-2.45.2-doc"
            }
          ],
          "store_path": "/nix/store/5j735q46i4rfs6qzkrfdlz7sjz9gbss2-git-2.45.2"
        },
        "x86_64-linux": {
          "outputs": [
            {
              "name": "out",
              "path": "/nix/store/ln3rnyn8yklr8j21a9i6s0s501lhdii6-git-2.45.2",
              "default": true
            },
            {
              "name": "doc",
              "path": "/nix/store/iw4nz88jqklmjz5wr8dzxwdlswhr2rgi-git-2.45.2-doc"
            },
            {
              "name": "debug",
              "path": "/nix/store/sir55fajrmsv6zwjx31rip93yz1x0mjy-git-2.45.2-debug"
            }
          ],
          "store_path": "/nix/store/ln3rnyn8yklr8j21a9i6s0s501lhdii6-git-2.45.2"
        }
      }
    },
    "htop@latest": {
      "last_modified": "2024-07-07T07:43:47Z",
      "resolved": "github:NixOS/nixpkgs/b60793b86201040d9dee019a05089a9150d08b5b#htop",
      "source": "devbox-search",
      "version": "3.3.0",
      "systems": {
        "aarch64-darwin": {
          "outputs": [
            {
              "name": "out",
              "path": "/nix/store/iz81gl4w4ns02wc9jacypdr6wf0kbbhi-htop-3.3.0",
              "default": true
            }
          ],
          "store_path": "/nix/store/iz81gl4w4ns02wc9jacypdr6wf0kbbhi-htop-3.3.0"
        },
        "aarch64-linux": {
          "outputs": [
            {
              "name": "out",
              "path": "/nix/store/5v2z7x3c9k22dpp2ah9cc1k287vzd1j1-htop-3.3.0",
              "default": true
            }
          ],
          "store_path": "/nix/store/5v2z7x3c9k22dpp2ah9cc1k287vzd1j1-htop-3.3.0"
        },
        "x86_64-darwin": {
          "outputs": [
            {
              "name": "out",
              "path": "/nix/store/3hkajidrqnqibalrhdmq6xi5va2clfgs-htop-3.3.0",
              "default": true
            }
          ],
          "store_path": "/nix/store/3hkajidrqnqibalrhdmq6xi5va2clfgs-htop-3.3.0"
        },
        "x86_64-linux": {
          "outputs": [
            {
              "name": "out",
              "path": "/nix/store/mv6jw63cfnnhg2pbl8jkap9hmn8krnkd-htop-3.3.0",
              "default": true
            }
          ],
          "store_path": "/nix/store/mv6jw63cfnnhg2pbl8jkap9hmn8krnkd-htop-3.3.0"
        }
      }
    },
    "jq@latest": {
      "last_modified": "2024-07-19T15:40:08Z",
      "resolved": "github:NixOS/nixpkgs/ad0111043c09f7d0f6b9f039882cbf350d4f7d49#jq",
      "source": "devbox-search",
      "version": "1.7.1",
      "systems": {
        "aarch64-darwin": {
          "outputs": [
            {
              "name": "bin",
              "path": "/nix/store/5dsicv93i37c4rqr08r1zdj8dwpa63nj-jq-1.7.1-bin",
              "default": true
            },
            {
              "name": "man",
              "path": "/nix/store/jf3cf8rxhpc6l40sjcksarfk9nvnpmrw-jq-1.7.1-man",
              "default": true
            },
            {
              "name": "lib",
              "path": "/nix/store/wisxfshfsm2cg4raffilv38cgiqrlw45-jq-1.7.1-lib"
            },
            {
              "name": "out",
              "path": "/nix/store/5mzkysyi9h4bim5plq6d85zqiv3nb3bi-jq-1.7.1"
            },
            {
              "name": "dev",
              "path": "/nix/store/6ad6jxsm7478f0x8rq8rrdc4han7s80j-jq-1.7.1-dev"
            },
            {
              "name": "doc",
              "path": "/nix/store/bll94fwkzpm5sklfwj70848amgrjkrn0-jq-1.7.1-doc"
            }
          ],
          "store_path": "/nix/store/5dsicv93i37c4rqr08r1zdj8dwpa63nj-jq-1.7.1-bin"
        },
        "aarch64-linux": {
          "outputs": [
            {
              "name": "bin",
              "path": "/nix/store/9bm6a5hr2036bp03n7mvcj8qb7z6mcr0-jq-1.7.1-bin",
              "default": true
            },
            {
              "name": "man",
              "path": "/nix/store/hqck6h5n2av24gvs8fbq566v03fcmw17-jq-1.7.1-man",
              "default": true
            },
            {
              "name": "out",
              "path": "/nix/store/0sh7a753nby7r3849sz8gy4cbnkd45i4-jq-1.7.1"
            },
            {
              "name": "dev",
              "path": "/nix/store/h0v2snl3jji71maplpiyjnb4xblgf428-jq-1.7.1-dev"
            },
            {
              "name": "doc",
              "path": "/nix/store/w74r4zi5cy74qmmzziq0vkp5lr0vg95i-jq-1.7.1-doc"
            },
            {
              "name": "lib",
              "path": "/nix/store/gnansglnqy5s2yiy4p9nf07iid8y6hl1-jq-1.7.1-lib"
            }
          ],
          "store_path": "/nix/store/9bm6a5hr2036bp03n7mvcj8qb7z6mcr0-jq-1.7.1-bin"
        },
        "x86_64-darwin": {
          "outputs": [
            {
              "name": "bin",
              "path": "/nix/store/bcyvwrb0hl85gckd2f3rfl1ih69r5pwz-jq-1.7.1-bin",
              "default": true
            },
            {
              "name": "man",
              "path": "/nix/store/arsqld8fq5sg7lsy39g12xr1dim25afw-jq-1.7.1-man",
              "default": true
            },
            {
              "name": "out",
              "path": "/nix/store/gbp8xd6x3cj7d1yd7cslnrfbjxvqzdls-jq-1.7.1"
            },
            {
              "name": "dev",
              "path": "/nix/store/q1bqzh7ngrskmdcswx5i9fvxnl24qiaq-jq-1.7.1-dev"
            },
            {
              "name": "doc",
              "path": "/nix/store/mh4hdlh3qhbbq991rk5ab3903fai0nkc-jq-1.7.1-doc"
            },
            {
              "name": "lib",
              "path": "/nix/store/8pw8540dyhqc5mbmd2bd7ah2lxaaa01j-jq-1.7.1-lib"
            }
          ],
          "store_path": "/nix/store/bcyvwrb0hl85gckd2f3rfl1ih69r5pwz-jq-1.7.1-bin"
        },
        "x86_64-linux": {
          "outputs": [
            {
              "name": "bin",
              "path": "/nix/store/axpqa3f5l63mc38h11x1gc5cykw8bn5i-jq-1.7.1-bin",
              "default": true
            },
            {
              "name": "man",
              "path": "/nix/store/wfmw87vqkz2xifc9sb0gvnad1l73qk6v-jq-1.7.1-man",
              "default": true
            },
            {
              "name": "dev",
              "path": "/nix/store/nnawicd7asp8mn0gsp8j0gxd81y1jasr-jq-1.7.1-dev"
            },
            {
              "name": "doc",
              "path": "/nix/store/7nx4qp08rd6f92iw377lzrvdhpzslrvy-jq-1.7.1-doc"
            },
            {
              "name": "lib",
              "path": "/nix/store/133fxjd0mqf8x720c2a8cp9175ma0n9x-jq-1.7.1-lib"
            },
            {
              "name": "out",
              "path": "/nix/store/iw31k4crvrhmgykdxy0dyz632h2jhzkz-jq-1.7.1"
            }
          ],
          "store_path": "/nix/store/axpqa3f5l63mc38h11x1gc5cykw8bn5i-jq-1.7.1-bin"
        }
      }
    },
    "kubie@latest": {
      "last_modified": "2024-07-07T07:43:47Z",
      "resolved": "github:NixOS/nixpkgs/b60793b86201040d9dee019a05089a9150d08b5b#kubie",
      "source": "devbox-search",
      "version": "0.23.1",
      "systems": {
        "aarch64-darwin": {
          "outputs": [
            {
              "name": "out",
              "path": "/nix/store/nwqdvdlx8sizh68wv2l45qk06dcrl2kc-kubie-0.23.1",
              "default": true
            }
          ],
          "store_path": "/nix/store/nwqdvdlx8sizh68wv2l45qk06dcrl2kc-kubie-0.23.1"
        },
        "aarch64-linux": {
          "outputs": [
            {
              "name": "out",
              "path": "/nix/store/9jspc39k4r6yv84m32ivpp83dbjqqn7c-kubie-0.23.1",
              "default": true
            }
          ],
          "store_path": "/nix/store/9jspc39k4r6yv84m32ivpp83dbjqqn7c-kubie-0.23.1"
        },
        "x86_64-darwin": {
          "outputs": [
            {
              "name": "out",
              "path": "/nix/store/75gm5rccz9nvjrhnmz5p6cknj1w9xdrl-kubie-0.23.1",
              "default": true
            }
          ],
          "store_path": "/nix/store/75gm5rccz9nvjrhnmz5p6cknj1w9xdrl-kubie-0.23.1"
        },
        "x86_64-linux": {
          "outputs": [
            {
              "name": "out",
              "path": "/nix/store/pphc0bzbx3c18n0ldb3mirpx642ixi7k-kubie-0.23.1",
              "default": true
            }
          ],
          "store_path": "/nix/store/pphc0bzbx3c18n0ldb3mirpx642ixi7k-kubie-0.23.1"
        }
      }
    },
    "neofetch@latest": {
      "last_modified": "2024-07-09T04:17:43Z",
      "resolved": "github:NixOS/nixpkgs/106e145e1d4583d1e2bb20e54947d15ad55e75e1#neofetch",
      "source": "devbox-search",
      "version": "2021-12-10",
      "systems": {
        "aarch64-darwin": {
          "outputs": [
            {
              "name": "out",
              "path": "/nix/store/api5m3vcpc9v8c8d73sgss49n23mdvjp-neofetch-unstable-2021-12-10",
              "default": true
            },
            {
              "name": "man",
              "path": "/nix/store/nkvmwgz10smif060fzpm4hdmgwfawj5c-neofetch-unstable-2021-12-10-man",
              "default": true
            }
          ],
          "store_path": "/nix/store/api5m3vcpc9v8c8d73sgss49n23mdvjp-neofetch-unstable-2021-12-10"
        },
        "aarch64-linux": {
          "outputs": [
            {
              "name": "out",
              "path": "/nix/store/6dhp1hai2y9f7hp4f9pmhnawd011c4rc-neofetch-unstable-2021-12-10",
              "default": true
            },
            {
              "name": "man",
              "path": "/nix/store/48xxzss9kd7wxvylv1wkkv1map8gh0c5-neofetch-unstable-2021-12-10-man",
              "default": true
            }
          ],
          "store_path": "/nix/store/6dhp1hai2y9f7hp4f9pmhnawd011c4rc-neofetch-unstable-2021-12-10"
        },
        "x86_64-darwin": {
          "outputs": [
            {
              "name": "out",
              "path": "/nix/store/qcyp6r6fyxz1hx3f3cyf3j8rwgai7x2s-neofetch-unstable-2021-12-10",
              "default": true
            },
            {
              "name": "man",
              "path": "/nix/store/zgjw7xqpwccbxw7cxb4f64120hrx2hhb-neofetch-unstable-2021-12-10-man",
              "default": true
            }
          ],
          "store_path": "/nix/store/qcyp6r6fyxz1hx3f3cyf3j8rwgai7x2s-neofetch-unstable-2021-12-10"
        },
        "x86_64-linux": {
          "outputs": [
            {
              "name": "out",
              "path": "/nix/store/h8ygryj7a240qgrmyzdxa6dxk87pjwwh-neofetch-unstable-2021-12-10",
              "default": true
            },
            {
              "name": "man",
              "path": "/nix/store/6lkb37pv27wqj3ilmasyrcszw6dcds48-neofetch-unstable-2021-12-10-man",
              "default": true
            }
          ],
          "store_path": "/nix/store/h8ygryj7a240qgrmyzdxa6dxk87pjwwh-neofetch-unstable-2021-12-10"
        }
      }
    },
    "neovim@latest": {
      "last_modified": "2024-07-07T07:43:47Z",
      "resolved": "github:NixOS/nixpkgs/b60793b86201040d9dee019a05089a9150d08b5b#neovim",
      "source": "devbox-search",
      "version": "0.10.0",
      "systems": {
        "aarch64-darwin": {
          "outputs": [
            {
              "name": "out",
              "path": "/nix/store/vb3mzbac5g8mqh1m2z2746jagph5w71p-neovim-0.10.0",
              "default": true
            }
          ],
          "store_path": "/nix/store/vb3mzbac5g8mqh1m2z2746jagph5w71p-neovim-0.10.0"
        },
        "aarch64-linux": {
          "outputs": [
            {
              "name": "out",
              "path": "/nix/store/v6k5vdfp3h59h4j3dwdp9kd52lv04hk4-neovim-0.10.0",
              "default": true
            }
          ],
          "store_path": "/nix/store/v6k5vdfp3h59h4j3dwdp9kd52lv04hk4-neovim-0.10.0"
        },
        "x86_64-darwin": {
          "outputs": [
            {
              "name": "out",
              "path": "/nix/store/59cx2vjn99m1hfvg4gfqjnylhn1q4mp1-neovim-0.10.0",
              "default": true
            }
          ],
          "store_path": "/nix/store/59cx2vjn99m1hfvg4gfqjnylhn1q4mp1-neovim-0.10.0"
        },
        "x86_64-linux": {
          "outputs": [
            {
              "name": "out",
              "path": "/nix/store/xsqpns8p3czs19dcsl7iri48lqz2mlg9-neovim-0.10.0",
              "default": true
            }
          ],
          "store_path": "/nix/store/xsqpns8p3czs19dcsl7iri48lqz2mlg9-neovim-0.10.0"
        }
      }
    },
    "nodejs@latest": {
      "last_modified": "2024-07-10T06:55:44Z",
      "plugin_version": "0.0.2",
      "resolved": "github:NixOS/nixpkgs/aa9461550594533c29866d42f861b6ff079a7fb6#nodejs_22",
      "source": "devbox-search",
      "version": "22.3.0",
      "systems": {
        "aarch64-darwin": {
          "outputs": [
            {
              "name": "out",
              "path": "/nix/store/cpqfn567chsy7mslcfwnijsn6mq82lcq-nodejs-22.3.0",
              "default": true
            },
            {
              "name": "libv8",
              "path": "/nix/store/mfjmdqb1sxxm7r4d4px5r3p6m378kzy5-nodejs-22.3.0-libv8"
            }
          ],
          "store_path": "/nix/store/cpqfn567chsy7mslcfwnijsn6mq82lcq-nodejs-22.3.0"
        },
        "aarch64-linux": {
          "outputs": [
            {
              "name": "out",
              "path": "/nix/store/q7cgrvb6clq0pdp5hlwmq2lldzkl3fmj-nodejs-22.3.0",
              "default": true
            },
            {
              "name": "libv8",
              "path": "/nix/store/5df5695winsxzf80q6z0m35zy3p60yw1-nodejs-22.3.0-libv8"
            }
          ],
          "store_path": "/nix/store/q7cgrvb6clq0pdp5hlwmq2lldzkl3fmj-nodejs-22.3.0"
        },
        "x86_64-darwin": {
          "outputs": [
            {
              "name": "out",
              "path": "/nix/store/hd619h1mh6lcmv2kw6nij9xa0zf7ybmr-nodejs-22.3.0",
              "default": true
            },
            {
              "name": "libv8",
              "path": "/nix/store/mipa00s8bq87h3p3allndvg43cpggz3w-nodejs-22.3.0-libv8"
            }
          ],
          "store_path": "/nix/store/hd619h1mh6lcmv2kw6nij9xa0zf7ybmr-nodejs-22.3.0"
        },
        "x86_64-linux": {
          "outputs": [
            {
              "name": "out",
              "path": "/nix/store/bmvx7ww7qfksjqsckmivkg3mqvjscfh8-nodejs-22.3.0",
              "default": true
            },
            {
              "name": "libv8",
              "path": "/nix/store/w28gijyq24mmk1676gpbxw2xrkysxx1i-nodejs-22.3.0-libv8"
            }
          ],
          "store_path": "/nix/store/bmvx7ww7qfksjqsckmivkg3mqvjscfh8-nodejs-22.3.0"
        }
      }
    },
    "python3Full@latest": {
      "last_modified": "2024-07-07T07:43:47Z",
      "plugin_version": "0.0.3",
      "resolved": "github:NixOS/nixpkgs/b60793b86201040d9dee019a05089a9150d08b5b#python312Full",
      "source": "devbox-search",
      "version": "3.12.4",
      "systems": {
        "aarch64-darwin": {
          "outputs": [
            {
              "name": "out",
              "path": "/nix/store/sd6h0b2lzrk6bz1wmhnxs5gnb8qawl32-python3-3.12.4",
              "default": true
            }
          ],
          "store_path": "/nix/store/sd6h0b2lzrk6bz1wmhnxs5gnb8qawl32-python3-3.12.4"
        },
        "aarch64-linux": {
          "outputs": [
            {
              "name": "out",
              "path": "/nix/store/sxdwmx89b8z5zlw9kcb3y1m3pylfyx1f-python3-3.12.4",
              "default": true
            },
            {
              "name": "debug",
              "path": "/nix/store/z71qca5a2kn0mn99snbqlkqcsj8gajga-python3-3.12.4-debug"
            }
          ],
          "store_path": "/nix/store/sxdwmx89b8z5zlw9kcb3y1m3pylfyx1f-python3-3.12.4"
        },
        "x86_64-darwin": {
          "outputs": [
            {
              "name": "out",
              "path": "/nix/store/v3hnv3f0rz4dzjmk0l41ygw2wix12vhb-python3-3.12.4",
              "default": true
            }
          ],
          "store_path": "/nix/store/v3hnv3f0rz4dzjmk0l41ygw2wix12vhb-python3-3.12.4"
        },
        "x86_64-linux": {
          "outputs": [
            {
              "name": "out",
              "path": "/nix/store/nvvjflxkniknl87m294l1c9h2cs2qkj3-python3-3.12.4",
              "default": true
            },
            {
              "name": "debug",
              "path": "/nix/store/x5d98srcsdl7swi7j3rnybd1plc4kpm9-python3-3.12.4-debug"
            }
          ],
          "store_path": "/nix/store/nvvjflxkniknl87m294l1c9h2cs2qkj3-python3-3.12.4"
        }
      }
    },
    "ripgrep@latest": {
      "last_modified": "2024-07-07T07:43:47Z",
      "resolved": "github:NixOS/nixpkgs/b60793b86201040d9dee019a05089a9150d08b5b#ripgrep",
      "source": "devbox-search",
      "version": "14.1.0",
      "systems": {
        "aarch64-darwin": {
          "outputs": [
            {
              "name": "out",
              "path": "/nix/store/r4j728a9dl51w94c68aziqirrwn3vcp6-ripgrep-14.1.0",
              "default": true
            }
          ],
          "store_path": "/nix/store/r4j728a9dl51w94c68aziqirrwn3vcp6-ripgrep-14.1.0"
        },
        "aarch64-linux": {
          "outputs": [
            {
              "name": "out",
              "path": "/nix/store/j3z754pmsk512a0i1xm2a9b0gghxmfqg-ripgrep-14.1.0",
              "default": true
            }
          ],
          "store_path": "/nix/store/j3z754pmsk512a0i1xm2a9b0gghxmfqg-ripgrep-14.1.0"
        },
        "x86_64-darwin": {
          "outputs": [
            {
              "name": "out",
              "path": "/nix/store/vqi673s0ifaqh6kab3j018a8jz598966-ripgrep-14.1.0",
              "default": true
            }
          ],
          "store_path": "/nix/store/vqi673s0ifaqh6kab3j018a8jz598966-ripgrep-14.1.0"
        },
        "x86_64-linux": {
          "outputs": [
            {
              "name": "out",
              "path": "/nix/store/fnfmwb3s676q4hz9izxp1x1mpby2z75x-ripgrep-14.1.0",
              "default": true
            }
          ],
          "store_path": "/nix/store/fnfmwb3s676q4hz9izxp1x1mpby2z75x-ripgrep-14.1.0"
        }
      }
    },
    "starship@latest": {
      "last_modified": "2024-07-07T07:43:47Z",
      "resolved": "github:NixOS/nixpkgs/b60793b86201040d9dee019a05089a9150d08b5b#starship",
      "source": "devbox-search",
      "version": "1.19.0",
      "systems": {
        "aarch64-darwin": {
          "outputs": [
            {
              "name": "out",
              "path": "/nix/store/gjc4x8bcnv2pvalpy5xd02jrsfyyc3js-starship-1.19.0",
              "default": true
            }
          ],
          "store_path": "/nix/store/gjc4x8bcnv2pvalpy5xd02jrsfyyc3js-starship-1.19.0"
        },
        "aarch64-linux": {
          "outputs": [
            {
              "name": "out",
              "path": "/nix/store/9x4j7sx994h54rsmyrrlzhyxnp3a1m80-starship-1.19.0",
              "default": true
            }
          ],
          "store_path": "/nix/store/9x4j7sx994h54rsmyrrlzhyxnp3a1m80-starship-1.19.0"
        },
        "x86_64-darwin": {
          "outputs": [
            {
              "name": "out",
              "path": "/nix/store/dz6vzhs2sjign045ldh1xv64h4i6l6lj-starship-1.19.0",
              "default": true
            }
          ],
          "store_path": "/nix/store/dz6vzhs2sjign045ldh1xv64h4i6l6lj-starship-1.19.0"
        },
        "x86_64-linux": {
          "outputs": [
            {
              "name": "out",
              "path": "/nix/store/0m0l1jvh23lxqa4wv9f3yhxr6ivw14m6-starship-1.19.0",
              "default": true
            }
          ],
          "store_path": "/nix/store/0m0l1jvh23lxqa4wv9f3yhxr6ivw14m6-starship-1.19.0"
        }
      }
    },
    "teller@latest": {
      "last_modified": "2024-07-07T07:43:47Z",
      "resolved": "github:NixOS/nixpkgs/b60793b86201040d9dee019a05089a9150d08b5b#teller",
      "source": "devbox-search",
      "version": "2.0.7",
      "systems": {
        "aarch64-darwin": {
          "outputs": [
            {
              "name": "out",
              "path": "/nix/store/r4226bx64i0cf7mfxandg7zzglqxszcq-teller-2.0.7",
              "default": true
            }
          ],
          "store_path": "/nix/store/r4226bx64i0cf7mfxandg7zzglqxszcq-teller-2.0.7"
        },
        "aarch64-linux": {
          "outputs": [
            {
              "name": "out",
              "path": "/nix/store/4qvxahm7bfz0zkaiif4ymk2nr4wis1v0-teller-2.0.7",
              "default": true
            }
          ],
          "store_path": "/nix/store/4qvxahm7bfz0zkaiif4ymk2nr4wis1v0-teller-2.0.7"
        },
        "x86_64-darwin": {
          "outputs": [
            {
              "name": "out",
              "path": "/nix/store/a05mzmc0fiy3x1js8rmycwpsfial800m-teller-2.0.7",
              "default": true
            }
          ],
          "store_path": "/nix/store/a05mzmc0fiy3x1js8rmycwpsfial800m-teller-2.0.7"
        },
        "x86_64-linux": {
          "outputs": [
            {
              "name": "out",
              "path": "/nix/store/cpfzq372gajzfrahrawc0w955zn17js3-teller-2.0.7",
              "default": true
            }
          ],
          "store_path": "/nix/store/cpfzq372gajzfrahrawc0w955zn17js3-teller-2.0.7"
        }
      }
    },
    "tree-sitter@latest": {
      "last_modified": "2024-07-07T07:43:47Z",
      "resolved": "github:NixOS/nixpkgs/b60793b86201040d9dee019a05089a9150d08b5b#tree-sitter",
      "source": "devbox-search",
      "version": "0.22.5",
      "systems": {
        "aarch64-darwin": {
          "outputs": [
            {
              "name": "out",
              "path": "/nix/store/6h2b0v8lw8idvwsqx0rk0d1mnww9jlk5-tree-sitter-0.22.5",
              "default": true
            }
          ],
          "store_path": "/nix/store/6h2b0v8lw8idvwsqx0rk0d1mnww9jlk5-tree-sitter-0.22.5"
        },
        "aarch64-linux": {
          "outputs": [
            {
              "name": "out",
              "path": "/nix/store/y3yxzyp2zia1h1mx85g78rbfqiqlc138-tree-sitter-0.22.5",
              "default": true
            }
          ],
          "store_path": "/nix/store/y3yxzyp2zia1h1mx85g78rbfqiqlc138-tree-sitter-0.22.5"
        },
        "x86_64-darwin": {
          "outputs": [
            {
              "name": "out",
              "path": "/nix/store/972vk7pyy2v115nwls6zbalknks9zn3f-tree-sitter-0.22.5",
              "default": true
            }
          ],
          "store_path": "/nix/store/972vk7pyy2v115nwls6zbalknks9zn3f-tree-sitter-0.22.5"
        },
        "x86_64-linux": {
          "outputs": [
            {
              "name": "out",
              "path": "/nix/store/d12lwidszby9qg74njr19gjcxczkfxkd-tree-sitter-0.22.5",
              "default": true
            }
          ],
          "store_path": "/nix/store/d12lwidszby9qg74njr19gjcxczkfxkd-tree-sitter-0.22.5"
        }
      }
    },
    "yq@latest": {
      "last_modified": "2024-07-07T07:43:47Z",
      "resolved": "github:NixOS/nixpkgs/b60793b86201040d9dee019a05089a9150d08b5b#yq",
      "source": "devbox-search",
      "version": "3.4.3",
      "systems": {
        "aarch64-darwin": {
          "outputs": [
            {
              "name": "out",
              "path": "/nix/store/7wd5dn3p6czs3vjkpgadniv8r5jsbg6d-python3.12-yq-3.4.3",
              "default": true
            },
            {
              "name": "dist",
              "path": "/nix/store/cx96ab2l5g7k20irlkybg90r6ww2g419-python3.12-yq-3.4.3-dist"
            }
          ],
          "store_path": "/nix/store/7wd5dn3p6czs3vjkpgadniv8r5jsbg6d-python3.12-yq-3.4.3"
        },
        "aarch64-linux": {
          "outputs": [
            {
              "name": "out",
              "path": "/nix/store/79bqrczvm1jh0hd89ndp606i8w2xvkid-python3.12-yq-3.4.3",
              "default": true
            },
            {
              "name": "dist",
              "path": "/nix/store/byzgcykw6d3rflm4nmqnyz1ix1cavkww-python3.12-yq-3.4.3-dist"
            }
          ],
          "store_path": "/nix/store/79bqrczvm1jh0hd89ndp606i8w2xvkid-python3.12-yq-3.4.3"
        },
        "x86_64-darwin": {
          "outputs": [
            {
              "name": "out",
              "path": "/nix/store/cc7aq39xbinmc7jpypvn9sgyjy9zjkqx-python3.12-yq-3.4.3",
              "default": true
            },
            {
              "name": "dist",
              "path": "/nix/store/nfzmvi8j5j7cmijjcwz6jxr70kklh0kz-python3.12-yq-3.4.3-dist"
            }
          ],
          "store_path": "/nix/store/cc7aq39xbinmc7jpypvn9sgyjy9zjkqx-python3.12-yq-3.4.3"
        },
        "x86_64-linux": {
          "outputs": [
            {
              "name": "out",
              "path": "/nix/store/vda5kydci789ws52i1j2k52lcb3m7mb6-python3.12-yq-3.4.3",
              "default": true
            },
            {
              "name": "dist",
              "path": "/nix/store/ckg535fiszicf6cxza016wbayv418nbs-python3.12-yq-3.4.3-dist"
            }
          ],
          "store_path": "/nix/store/vda5kydci789ws52i1j2k52lcb3m7mb6-python3.12-yq-3.4.3"
        }
      }
    },
    "zoxide@latest": {
      "last_modified": "2024-07-19T15:40:08Z",
      "resolved": "github:NixOS/nixpkgs/ad0111043c09f7d0f6b9f039882cbf350d4f7d49#zoxide",
      "source": "devbox-search",
      "version": "0.9.4",
      "systems": {
        "aarch64-darwin": {
          "outputs": [
            {
              "name": "out",
              "path": "/nix/store/n0f3y6142iixnzd9q70kksbb5z0dap41-zoxide-0.9.4",
              "default": true
            }
          ],
          "store_path": "/nix/store/n0f3y6142iixnzd9q70kksbb5z0dap41-zoxide-0.9.4"
        },
        "aarch64-linux": {
          "outputs": [
            {
              "name": "out",
              "path": "/nix/store/5vl7rr65zasr4q4xkbgmii8ik1y37gji-zoxide-0.9.4",
              "default": true
            }
          ],
          "store_path": "/nix/store/5vl7rr65zasr4q4xkbgmii8ik1y37gji-zoxide-0.9.4"
        },
        "x86_64-darwin": {
          "outputs": [
            {
              "name": "out",
              "path": "/nix/store/aj3xkzvmcr5ixwf17cq99k9fjmp8mrh1-zoxide-0.9.4",
              "default": true
            }
          ],
          "store_path": "/nix/store/aj3xkzvmcr5ixwf17cq99k9fjmp8mrh1-zoxide-0.9.4"
        },
        "x86_64-linux": {
          "outputs": [
            {
              "name": "out",
              "path": "/nix/store/0kmqykiz4dvp8ywy705inqzml2wwbz13-zoxide-0.9.4",
              "default": true
            }
          ],
          "store_path": "/nix/store/0kmqykiz4dvp8ywy705inqzml2wwbz13-zoxide-0.9.4"
        }
      }
    }
  }
}
